
Microsoft Visual Studio Solution File, Format Version 12.00
# Visual Studio 15
VisualStudioVersion = 15.0.28307.572
MinimumVisualStudioVersion = 10.0.40219.1
Project("{FAE04EC0-301F-11D3-BF4B-00C04F79EFBC}") = "CW_1.4", "CW_1.4\CW_1.4.csproj", "{2B3F3918-F59D-41AA-83B5-31A0995280A3}"
EndProject
Project("{FAE04EC0-301F-11D3-BF4B-00C04F79EFBC}") = "TestsForSparseVectorClass", "TestsForSparseVectorClass\TestsForSparseVectorClass.csproj", "{6D05A89D-88CC-424C-93F7-5F9E78213DF7}"
EndProject
Global
	GlobalSection(SolutionConfigurationPlatforms) = preSolution
		Debug|Any CPU = Debug|Any CPU
		Release|Any CPU = Release|Any CPU
	EndGlobalSection
	GlobalSection(ProjectConfigurationPlatforms) = postSolution
		{2B3F3918-F59D-41AA-83B5-31A0995280A3}.Debug|Any CPU.ActiveCfg = Debug|Any CPU
		{2B3F3918-F59D-41AA-83B5-31A0995280A3}.Debug|Any CPU.Build.0 = Debug|Any CPU
		{2B3F3918-F59D-41AA-83B5-31A0995280A3}.Release|Any CPU.ActiveCfg = Release|Any CPU
		{2B3F3918-F59D-41AA-83B5-31A0995280A3}.Release|Any CPU.Build.0 = Release|Any CPU
		{6D05A89D-88CC-424C-93F7-5F9E78213DF7}.Debug|Any CPU.ActiveCfg = Debug|Any CPU
		{6D05A89D-88CC-424C-93F7-5F9E78213DF7}.Debug|Any CPU.Build.0 = Debug|Any CPU
		{6D05A89D-88CC-424C-93F7-5F9E78213DF7}.Release|Any CPU.ActiveCfg = Release|Any CPU
		{6D05A89D-88CC-424C-93F7-5F9E78213DF7}.Release|Any CPU.Build.0 = Release|Any CPU
	EndGlobalSection
	GlobalSection(SolutionProperties) = preSolution
		HideSolutionNode = FALSE
	EndGlobalSection
	GlobalSection(ExtensibilityGlobals) = postSolution
		SolutionGuid = {8ADB5B4E-AD8A-4045-A467-E9EB5D2F82C0}
	EndGlobalSection
EndGlobal
