
Microsoft Visual Studio Solution File, Format Version 12.00
# Visual Studio 15
VisualStudioVersion = 15.0.28307.572
MinimumVisualStudioVersion = 10.0.40219.1
Project("{FAE04EC0-301F-11D3-BF4B-00C04F79EFBC}") = "CW_1.2", "CW_1.2\CW_1.2.csproj", "{E6E94595-ED93-4909-B68D-1DAC706FFFD6}"
EndProject
Global
	GlobalSection(SolutionConfigurationPlatforms) = preSolution
		Debug|Any CPU = Debug|Any CPU
		Release|Any CPU = Release|Any CPU
	EndGlobalSection
	GlobalSection(ProjectConfigurationPlatforms) = postSolution
		{E6E94595-ED93-4909-B68D-1DAC706FFFD6}.Debug|Any CPU.ActiveCfg = Debug|Any CPU
		{E6E94595-ED93-4909-B68D-1DAC706FFFD6}.Debug|Any CPU.Build.0 = Debug|Any CPU
		{E6E94595-ED93-4909-B68D-1DAC706FFFD6}.Release|Any CPU.ActiveCfg = Release|Any CPU
		{E6E94595-ED93-4909-B68D-1DAC706FFFD6}.Release|Any CPU.Build.0 = Release|Any CPU
	EndGlobalSection
	GlobalSection(SolutionProperties) = preSolution
		HideSolutionNode = FALSE
	EndGlobalSection
	GlobalSection(ExtensibilityGlobals) = postSolution
		SolutionGuid = {B9F0A465-E730-46C6-8DD0-E56D05020AE4}
	EndGlobalSection
EndGlobal
